{
  "name": "icloud-album-downloader",
  "version": "1.0.0",
  "lockfileVersion": 3,
  "requires": true,
  "packages": {
    "": {
      "name": "icloud-album-downloader",
      "version": "1.0.0",
      "license": "MIT",
      "dependencies": {
        "icloud-shared-album": "^1.2.1"
      }
    },
    "node_modules/axios": {
      "version": "0.26.1",
      "resolved": "https://registry.npmjs.org/axios/-/axios-0.26.1.tgz",
      "integrity": "sha512-fPwcX4EvnSHuInCMItEhAGnaSEXRBjtzh9fOtsE6E1G6p7vl7edEeZe11QHf18+6+9gR5PbKV/sGKNaD8YaMeA==",
      "license": "MIT",
      "dependencies": {
        "follow-redirects": "^1.14.8"
      }
    },
    "node_modules/follow-redirects": {
      "version": "1.15.11",
      "resolved": "https://registry.npmjs.org/follow-redirects/-/follow-redirects-1.15.11.tgz",
      "integrity": "sha512-deG2P0JfjrTxl50XGCDyfI97ZGVCxIpfKYmfyrQ54n5FO/0gfIES8C/Psl6kWVDolizcaaxZJnTS0QSMxvnsBQ==",
      "funding": [
        {
          "type": "individual",
          "url": "https://github.com/sponsors/RubenVerborgh"
        }
      ],
      "license": "MIT",
      "engines": {
        "node": ">=4.0"
      },
      "peerDependenciesMeta": {
        "debug": {
          "optional": true
        }
      }
    },
    "node_modules/icloud-shared-album": {
      "version": "1.2.1",
      "resolved": "https://registry.npmjs.org/icloud-shared-album/-/icloud-shared-album-1.2.1.tgz",
      "integrity": "sha512-ZP4G55YeZbhCdLzsUQnR0u7X24r29/NN6P6bS7eSi4EmnjIOpZnfZ/RcnBVH5QiARLpsvxxFZAmDMf95rDDwBQ==",
      "license": "MIT",
      "dependencies": {
        "axios": "^0.26.0",
        "lodash.chunk": "^4.2.0"
      },
      "bin": {
        "icloud-shared-album": "build/bin.js"
      }
    },
    "node_modules/lodash.chunk": {
      "version": "4.2.0",
      "resolved": "https://registry.npmjs.org/lodash.chunk/-/lodash.chunk-4.2.0.tgz",
      "integrity": "sha512-ZzydJKfUHJwHa+hF5X66zLFCBrWn5GeF28OHEr4WVWtNDXlQ/IjWKPBiikqKo2ne0+v6JgCgJ0GzJp8k8bHC7w==",
      "license": "MIT"
    }
  }
}
